// !$*UTF8*$!
{
	archiveVersion = 1;
	classes = {
	};
	objectVersion = 46;
	objects = {

/* Begin PBXBuildFile section */
		E60A491F1C3DB93B00951EBA /* LICENSE.md in Sources */ = {isa = PBXBuildFile; fileRef = E60A491D1C3DB93B00951EBA /* LICENSE.md */; };
		E60A49201C3DB93B00951EBA /* README.md in Sources */ = {isa = PBXBuildFile; fileRef = E60A491E1C3DB93B00951EBA /* README.md */; };
		E66E19E01C32F139003EEF2E /* WPTextAttachmentXMLParser.swift in Sources */ = {isa = PBXBuildFile; fileRef = E66E19DF1C32F139003EEF2E /* WPTextAttachmentXMLParser.swift */; };
		E66E19E21C334DB7003EEF2E /* sample.html in Resources */ = {isa = PBXBuildFile; fileRef = E66E19E11C334DB7003EEF2E /* sample.html */; };
		E66E19E41C33501B003EEF2E /* WPTextKitTests.swift in Sources */ = {isa = PBXBuildFile; fileRef = E66E19E31C33501B003EEF2E /* WPTextKitTests.swift */; };
		E6B638291C344361002E6605 /* WPAttachmentManager.swift in Sources */ = {isa = PBXBuildFile; fileRef = E6B638281C344361002E6605 /* WPAttachmentManager.swift */; };
		E6D465851C31B19F00ECD653 /* WPTextKit.h in Headers */ = {isa = PBXBuildFile; fileRef = E6D465841C31B19F00ECD653 /* WPTextKit.h */; settings = {ATTRIBUTES = (Public, ); }; };
		E6D4658C1C31B19F00ECD653 /* WPTextKit.framework in Frameworks */ = {isa = PBXBuildFile; fileRef = E6D465811C31B19F00ECD653 /* WPTextKit.framework */; };
		E6D4659C1C31B2EF00ECD653 /* WPTextAttachment.swift in Sources */ = {isa = PBXBuildFile; fileRef = E6D4659B1C31B2EF00ECD653 /* WPTextAttachment.swift */; };
		E6D4659E1C31B3D400ECD653 /* NSAttributedString+WPTextKit.swift in Sources */ = {isa = PBXBuildFile; fileRef = E6D4659D1C31B3D400ECD653 /* NSAttributedString+WPTextKit.swift */; };
/* End PBXBuildFile section */

/* Begin PBXContainerItemProxy section */
		E6D4658D1C31B19F00ECD653 /* PBXContainerItemProxy */ = {
			isa = PBXContainerItemProxy;
			containerPortal = E6D465781C31B19F00ECD653 /* Project object */;
			proxyType = 1;
			remoteGlobalIDString = E6D465801C31B19F00ECD653;
			remoteInfo = WPTextKit;
		};
/* End PBXContainerItemProxy section */

/* Begin PBXFileReference section */
		E60A491D1C3DB93B00951EBA /* LICENSE.md */ = {isa = PBXFileReference; fileEncoding = 4; lastKnownFileType = net.daringfireball.markdown; path = LICENSE.md; sourceTree = "<group>"; };
		E60A491E1C3DB93B00951EBA /* README.md */ = {isa = PBXFileReference; fileEncoding = 4; lastKnownFileType = net.daringfireball.markdown; path = README.md; sourceTree = "<group>"; };
		E66E19DF1C32F139003EEF2E /* WPTextAttachmentXMLParser.swift */ = {isa = PBXFileReference; fileEncoding = 4; lastKnownFileType = sourcecode.swift; path = WPTextAttachmentXMLParser.swift; sourceTree = "<group>"; };
		E66E19E11C334DB7003EEF2E /* sample.html */ = {isa = PBXFileReference; fileEncoding = 4; lastKnownFileType = text.html; path = sample.html; sourceTree = "<group>"; };
		E66E19E31C33501B003EEF2E /* WPTextKitTests.swift */ = {isa = PBXFileReference; fileEncoding = 4; lastKnownFileType = sourcecode.swift; path = WPTextKitTests.swift; sourceTree = "<group>"; };
		E6B638281C344361002E6605 /* WPAttachmentManager.swift */ = {isa = PBXFileReference; fileEncoding = 4; lastKnownFileType = sourcecode.swift; path = WPAttachmentManager.swift; sourceTree = "<group>"; };
		E6D465811C31B19F00ECD653 /* WPTextKit.framework */ = {isa = PBXFileReference; explicitFileType = wrapper.framework; includeInIndex = 0; path = WPTextKit.framework; sourceTree = BUILT_PRODUCTS_DIR; };
		E6D465841C31B19F00ECD653 /* WPTextKit.h */ = {isa = PBXFileReference; lastKnownFileType = sourcecode.c.h; path = WPTextKit.h; sourceTree = "<group>"; };
		E6D465861C31B19F00ECD653 /* Info.plist */ = {isa = PBXFileReference; lastKnownFileType = text.plist.xml; path = Info.plist; sourceTree = "<group>"; };
		E6D4658B1C31B19F00ECD653 /* WPTextKitTests.xctest */ = {isa = PBXFileReference; explicitFileType = wrapper.cfbundle; includeInIndex = 0; path = WPTextKitTests.xctest; sourceTree = BUILT_PRODUCTS_DIR; };
		E6D465921C31B19F00ECD653 /* Info.plist */ = {isa = PBXFileReference; lastKnownFileType = text.plist.xml; path = Info.plist; sourceTree = "<group>"; };
		E6D4659B1C31B2EF00ECD653 /* WPTextAttachment.swift */ = {isa = PBXFileReference; fileEncoding = 4; lastKnownFileType = sourcecode.swift; path = WPTextAttachment.swift; sourceTree = "<group>"; };
		E6D4659D1C31B3D400ECD653 /* NSAttributedString+WPTextKit.swift */ = {isa = PBXFileReference; fileEncoding = 4; lastKnownFileType = sourcecode.swift; path = "NSAttributedString+WPTextKit.swift"; sourceTree = "<group>"; };
/* End PBXFileReference section */

/* Begin PBXFrameworksBuildPhase section */
		E6D4657D1C31B19F00ECD653 /* Frameworks */ = {
			isa = PBXFrameworksBuildPhase;
			buildActionMask = 2147483647;
			files = (
			);
			runOnlyForDeploymentPostprocessing = 0;
		};
		E6D465881C31B19F00ECD653 /* Frameworks */ = {
			isa = PBXFrameworksBuildPhase;
			buildActionMask = 2147483647;
			files = (
				E6D4658C1C31B19F00ECD653 /* WPTextKit.framework in Frameworks */,
			);
			runOnlyForDeploymentPostprocessing = 0;
		};
/* End PBXFrameworksBuildPhase section */

/* Begin PBXGroup section */
		E6D465771C31B19F00ECD653 = {
			isa = PBXGroup;
			children = (
				E6D465831C31B19F00ECD653 /* WPTextKit */,
				E6D4658F1C31B19F00ECD653 /* WPTextKitTests */,
				E6D465821C31B19F00ECD653 /* Products */,
				E60A491D1C3DB93B00951EBA /* LICENSE.md */,
				E60A491E1C3DB93B00951EBA /* README.md */,
			);
			sourceTree = "<group>";
		};
		E6D465821C31B19F00ECD653 /* Products */ = {
			isa = PBXGroup;
			children = (
				E6D465811C31B19F00ECD653 /* WPTextKit.framework */,
				E6D4658B1C31B19F00ECD653 /* WPTextKitTests.xctest */,
			);
			name = Products;
			sourceTree = "<group>";
		};
		E6D465831C31B19F00ECD653 /* WPTextKit */ = {
			isa = PBXGroup;
			children = (
				E6D465841C31B19F00ECD653 /* WPTextKit.h */,
				E6D465861C31B19F00ECD653 /* Info.plist */,
				E6D4659D1C31B3D400ECD653 /* NSAttributedString+WPTextKit.swift */,
				E6D4659B1C31B2EF00ECD653 /* WPTextAttachment.swift */,
				E66E19DF1C32F139003EEF2E /* WPTextAttachmentXMLParser.swift */,
				E6B638281C344361002E6605 /* WPAttachmentManager.swift */,
			);
			path = WPTextKit;
			sourceTree = "<group>";
		};
		E6D4658F1C31B19F00ECD653 /* WPTextKitTests */ = {
			isa = PBXGroup;
			children = (
				E66E19E31C33501B003EEF2E /* WPTextKitTests.swift */,
				E66E19E11C334DB7003EEF2E /* sample.html */,
				E6D465921C31B19F00ECD653 /* Info.plist */,
			);
			path = WPTextKitTests;
			sourceTree = "<group>";
		};
/* End PBXGroup section */

/* Begin PBXHeadersBuildPhase section */
		E6D4657E1C31B19F00ECD653 /* Headers */ = {
			isa = PBXHeadersBuildPhase;
			buildActionMask = 2147483647;
			files = (
				E6D465851C31B19F00ECD653 /* WPTextKit.h in Headers */,
			);
			runOnlyForDeploymentPostprocessing = 0;
		};
/* End PBXHeadersBuildPhase section */

/* Begin PBXNativeTarget section */
		E6D465801C31B19F00ECD653 /* WPTextKit */ = {
			isa = PBXNativeTarget;
			buildConfigurationList = E6D465951C31B19F00ECD653 /* Build configuration list for PBXNativeTarget "WPTextKit" */;
			buildPhases = (
				E6D4657C1C31B19F00ECD653 /* Sources */,
				E6D4657D1C31B19F00ECD653 /* Frameworks */,
				E6D4657E1C31B19F00ECD653 /* Headers */,
				E6D4657F1C31B19F00ECD653 /* Resources */,
			);
			buildRules = (
			);
			dependencies = (
			);
			name = WPTextKit;
			productName = WPTextKit;
			productReference = E6D465811C31B19F00ECD653 /* WPTextKit.framework */;
			productType = "com.apple.product-type.framework";
		};
		E6D4658A1C31B19F00ECD653 /* WPTextKitTests */ = {
			isa = PBXNativeTarget;
			buildConfigurationList = E6D465981C31B19F00ECD653 /* Build configuration list for PBXNativeTarget "WPTextKitTests" */;
			buildPhases = (
				E6D465871C31B19F00ECD653 /* Sources */,
				E6D465881C31B19F00ECD653 /* Frameworks */,
				E6D465891C31B19F00ECD653 /* Resources */,
			);
			buildRules = (
			);
			dependencies = (
				E6D4658E1C31B19F00ECD653 /* PBXTargetDependency */,
			);
			name = WPTextKitTests;
			productName = WPTextKitTests;
			productReference = E6D4658B1C31B19F00ECD653 /* WPTextKitTests.xctest */;
			productType = "com.apple.product-type.bundle.unit-test";
		};
/* End PBXNativeTarget section */

/* Begin PBXProject section */
		E6D465781C31B19F00ECD653 /* Project object */ = {
			isa = PBXProject;
			attributes = {
				LastSwiftUpdateCheck = 0720;
				LastUpgradeCheck = 0720;
				ORGANIZATIONNAME = Automattic;
				TargetAttributes = {
					E6D465801C31B19F00ECD653 = {
						CreatedOnToolsVersion = 7.2;
					};
					E6D4658A1C31B19F00ECD653 = {
						CreatedOnToolsVersion = 7.2;
					};
				};
			};
			buildConfigurationList = E6D4657B1C31B19F00ECD653 /* Build configuration list for PBXProject "WPTextKit" */;
			compatibilityVersion = "Xcode 3.2";
			developmentRegion = English;
			hasScannedForEncodings = 0;
			knownRegions = (
				en,
			);
			mainGroup = E6D465771C31B19F00ECD653;
			productRefGroup = E6D465821C31B19F00ECD653 /* Products */;
			projectDirPath = "";
			projectRoot = "";
			targets = (
				E6D465801C31B19F00ECD653 /* WPTextKit */,
				E6D4658A1C31B19F00ECD653 /* WPTextKitTests */,
			);
		};
/* End PBXProject section */

/* Begin PBXResourcesBuildPhase section */
		E6D4657F1C31B19F00ECD653 /* Resources */ = {
			isa = PBXResourcesBuildPhase;
			buildActionMask = 2147483647;
			files = (
			);
			runOnlyForDeploymentPostprocessing = 0;
		};
		E6D465891C31B19F00ECD653 /* Resources */ = {
			isa = PBXResourcesBuildPhase;
			buildActionMask = 2147483647;
			files = (
				E66E19E21C334DB7003EEF2E /* sample.html in Resources */,
			);
			runOnlyForDeploymentPostprocessing = 0;
		};
/* End PBXResourcesBuildPhase section */

/* Begin PBXSourcesBuildPhase section */
		E6D4657C1C31B19F00ECD653 /* Sources */ = {
			isa = PBXSourcesBuildPhase;
			buildActionMask = 2147483647;
			files = (
				E60A49201C3DB93B00951EBA /* README.md in Sources */,
				E60A491F1C3DB93B00951EBA /* LICENSE.md in Sources */,
				E66E19E01C32F139003EEF2E /* WPTextAttachmentXMLParser.swift in Sources */,
				E6D4659C1C31B2EF00ECD653 /* WPTextAttachment.swift in Sources */,
				E6D4659E1C31B3D400ECD653 /* NSAttributedString+WPTextKit.swift in Sources */,
				E6B638291C344361002E6605 /* WPAttachmentManager.swift in Sources */,
			);
			runOnlyForDeploymentPostprocessing = 0;
		};
		E6D465871C31B19F00ECD653 /* Sources */ = {
			isa = PBXSourcesBuildPhase;
			buildActionMask = 2147483647;
			files = (
				E66E19E41C33501B003EEF2E /* WPTextKitTests.swift in Sources */,
			);
			runOnlyForDeploymentPostprocessing = 0;
		};
/* End PBXSourcesBuildPhase section */

/* Begin PBXTargetDependency section */
		E6D4658E1C31B19F00ECD653 /* PBXTargetDependency */ = {
			isa = PBXTargetDependency;
			target = E6D465801C31B19F00ECD653 /* WPTextKit */;
			targetProxy = E6D4658D1C31B19F00ECD653 /* PBXContainerItemProxy */;
		};
/* End PBXTargetDependency section */

/* Begin XCBuildConfiguration section */
		E6D465931C31B19F00ECD653 /* Debug */ = {
			isa = XCBuildConfiguration;
			buildSettings = {
				ALWAYS_SEARCH_USER_PATHS = NO;
				CLANG_CXX_LANGUAGE_STANDARD = "gnu++0x";
				CLANG_CXX_LIBRARY = "libc++";
				CLANG_ENABLE_MODULES = YES;
				CLANG_ENABLE_OBJC_ARC = YES;
				CLANG_WARN_BOOL_CONVERSION = YES;
				CLANG_WARN_CONSTANT_CONVERSION = YES;
				CLANG_WARN_DIRECT_OBJC_ISA_USAGE = YES_ERROR;
				CLANG_WARN_EMPTY_BODY = YES;
				CLANG_WARN_ENUM_CONVERSION = YES;
				CLANG_WARN_INT_CONVERSION = YES;
				CLANG_WARN_OBJC_ROOT_CLASS = YES_ERROR;
				CLANG_WARN_UNREACHABLE_CODE = YES;
				CLANG_WARN__DUPLICATE_METHOD_MATCH = YES;
				"CODE_SIGN_IDENTITY[sdk=iphoneos*]" = "iPhone Developer";
				COPY_PHASE_STRIP = NO;
				CURRENT_PROJECT_VERSION = 1;
				DEBUG_INFORMATION_FORMAT = dwarf;
				ENABLE_STRICT_OBJC_MSGSEND = YES;
				ENABLE_TESTABILITY = YES;
				GCC_C_LANGUAGE_STANDARD = gnu99;
				GCC_DYNAMIC_NO_PIC = NO;
				GCC_NO_COMMON_BLOCKS = YES;
				GCC_OPTIMIZATION_LEVEL = 0;
				GCC_PREPROCESSOR_DEFINITIONS = (
					"DEBUG=1",
					"$(inherited)",
				);
				GCC_WARN_64_TO_32_BIT_CONVERSION = YES;
				GCC_WARN_ABOUT_RETURN_TYPE = YES_ERROR;
				GCC_WARN_UNDECLARED_SELECTOR = YES;
				GCC_WARN_UNINITIALIZED_AUTOS = YES_AGGRESSIVE;
				GCC_WARN_UNUSED_FUNCTION = YES;
				GCC_WARN_UNUSED_VARIABLE = YES;
				IPHONEOS_DEPLOYMENT_TARGET = 9.0;
				MTL_ENABLE_DEBUG_INFO = YES;
				ONLY_ACTIVE_ARCH = YES;
				SDKROOT = iphoneos;
				SWIFT_OPTIMIZATION_LEVEL = "-Onone";
				TARGETED_DEVICE_FAMILY = "1,2";
				VERSIONING_SYSTEM = "apple-generic";
				VERSION_INFO_PREFIX = "";
			};
			name = Debug;
		};
		E6D465941C31B19F00ECD653 /* Release */ = {
			isa = XCBuildConfiguration;
			buildSettings = {
				ALWAYS_SEARCH_USER_PATHS = NO;
				CLANG_CXX_LANGUAGE_STANDARD = "gnu++0x";
				CLANG_CXX_LIBRARY = "libc++";
				CLANG_ENABLE_MODULES = YES;
				CLANG_ENABLE_OBJC_ARC = YES;
				CLANG_WARN_BOOL_CONVERSION = YES;
				CLANG_WARN_CONSTANT_CONVERSION = YES;
				CLANG_WARN_DIRECT_OBJC_ISA_USAGE = YES_ERROR;
				CLANG_WARN_EMPTY_BODY = YES;
				CLANG_WARN_ENUM_CONVERSION = YES;
				CLANG_WARN_INT_CONVERSION = YES;
				CLANG_WARN_OBJC_ROOT_CLASS = YES_ERROR;
				CLANG_WARN_UNREACHABLE_CODE = YES;
				CLANG_WARN__DUPLICATE_METHOD_MATCH = YES;
				"CODE_SIGN_IDENTITY[sdk=iphoneos*]" = "iPhone Developer";
				COPY_PHASE_STRIP = NO;
				CURRENT_PROJECT_VERSION = 1;
				DEBUG_INFORMATION_FORMAT = "dwarf-with-dsym";
				ENABLE_NS_ASSERTIONS = NO;
				ENABLE_STRICT_OBJC_MSGSEND = YES;
				GCC_C_LANGUAGE_STANDARD = gnu99;
				GCC_NO_COMMON_BLOCKS = YES;
				GCC_WARN_64_TO_32_BIT_CONVERSION = YES;
				GCC_WARN_ABOUT_RETURN_TYPE = YES_ERROR;
				GCC_WARN_UNDECLARED_SELECTOR = YES;
				GCC_WARN_UNINITIALIZED_AUTOS = YES_AGGRESSIVE;
				GCC_WARN_UNUSED_FUNCTION = YES;
				GCC_WARN_UNUSED_VARIABLE = YES;
				IPHONEOS_DEPLOYMENT_TARGET = 9.0;
				MTL_ENABLE_DEBUG_INFO = NO;
				SDKROOT = iphoneos;
				TARGETED_DEVICE_FAMILY = "1,2";
				VALIDATE_PRODUCT = YES;
				VERSIONING_SYSTEM = "apple-generic";
				VERSION_INFO_PREFIX = "";
			};
			name = Release;
		};
		E6D465961C31B19F00ECD653 /* Debug */ = {
			isa = XCBuildConfiguration;
			buildSettings = {
				CLANG_ENABLE_MODULES = YES;
				DEFINES_MODULE = YES;
				DYLIB_COMPATIBILITY_VERSION = 1;
				DYLIB_CURRENT_VERSION = 1;
				DYLIB_INSTALL_NAME_BASE = "@rpath";
				INFOPLIST_FILE = WPTextKit/Info.plist;
				INSTALL_PATH = "$(LOCAL_LIBRARY_DIR)/Frameworks";
				LD_RUNPATH_SEARCH_PATHS = "$(inherited) @executable_path/Frameworks @loader_path/Frameworks";
				PRODUCT_BUNDLE_IDENTIFIER = com.automattic.WPTextKit;
				PRODUCT_NAME = "$(TARGET_NAME)";
				SKIP_INSTALL = YES;
				SWIFT_OPTIMIZATION_LEVEL = "-Onone";
			};
			name = Debug;
		};
		E6D465971C31B19F00ECD653 /* Release */ = {
			isa = XCBuildConfiguration;
			buildSettings = {
				CLANG_ENABLE_MODULES = YES;
				DEFINES_MODULE = YES;
				DYLIB_COMPATIBILITY_VERSION = 1;
				DYLIB_CURRENT_VERSION = 1;
				DYLIB_INSTALL_NAME_BASE = "@rpath";
				INFOPLIST_FILE = WPTextKit/Info.plist;
				INSTALL_PATH = "$(LOCAL_LIBRARY_DIR)/Frameworks";
				LD_RUNPATH_SEARCH_PATHS = "$(inherited) @executable_path/Frameworks @loader_path/Frameworks";
				PRODUCT_BUNDLE_IDENTIFIER = com.automattic.WPTextKit;
				PRODUCT_NAME = "$(TARGET_NAME)";
				SKIP_INSTALL = YES;
			};
			name = Release;
		};
		E6D465991C31B19F00ECD653 /* Debug */ = {
			isa = XCBuildConfiguration;
			buildSettings = {
				CLANG_ENABLE_MODULES = YES;
				INFOPLIST_FILE = WPTextKitTests/Info.plist;
				LD_RUNPATH_SEARCH_PATHS = "$(inherited) @executable_path/Frameworks @loader_path/Frameworks";
				PRODUCT_BUNDLE_IDENTIFIER = com.automattic.WPTextKitTests;
				PRODUCT_NAME = "$(TARGET_NAME)";
				SWIFT_OPTIMIZATION_LEVEL = "-Onone";
			};
			name = Debug;
		};
		E6D4659A1C31B19F00ECD653 /* Release */ = {
			isa = XCBuildConfiguration;
			buildSettings = {
				CLANG_ENABLE_MODULES = YES;
				INFOPLIST_FILE = WPTextKitTests/Info.plist;
				LD_RUNPATH_SEARCH_PATHS = "$(inherited) @executable_path/Frameworks @loader_path/Frameworks";
				PRODUCT_BUNDLE_IDENTIFIER = com.automattic.WPTextKitTests;
				PRODUCT_NAME = "$(TARGET_NAME)";
			};
			name = Release;
		};
/* End XCBuildConfiguration section */

/* Begin XCConfigurationList section */
		E6D4657B1C31B19F00ECD653 /* Build configuration list for PBXProject "WPTextKit" */ = {
			isa = XCConfigurationList;
			buildConfigurations = (
				E6D465931C31B19F00ECD653 /* Debug */,
				E6D465941C31B19F00ECD653 /* Release */,
			);
			defaultConfigurationIsVisible = 0;
			defaultConfigurationName = Release;
		};
		E6D465951C31B19F00ECD653 /* Build configuration list for PBXNativeTarget "WPTextKit" */ = {
			isa = XCConfigurationList;
			buildConfigurations = (
				E6D465961C31B19F00ECD653 /* Debug */,
				E6D465971C31B19F00ECD653 /* Release */,
			);
			defaultConfigurationIsVisible = 0;
			defaultConfigurationName = Release;
		};
		E6D465981C31B19F00ECD653 /* Build configuration list for PBXNativeTarget "WPTextKitTests" */ = {
			isa = XCConfigurationList;
			buildConfigurations = (
				E6D465991C31B19F00ECD653 /* Debug */,
				E6D4659A1C31B19F00ECD653 /* Release */,
			);
			defaultConfigurationIsVisible = 0;
			defaultConfigurationName = Release;
		};
/* End XCConfigurationList section */
	};
	rootObject = E6D465781C31B19F00ECD653 /* Project object */;
}
